
Microsoft Visual Studio Solution File, Format Version 12.00
# Visual Studio Version 16
VisualStudioVersion = 16.0.31515.178
MinimumVisualStudioVersion = 10.0.40219.1
Project("{FAE04EC0-301F-11D3-BF4B-00C04F79EFBC}") = "UiLibrary", "FiguresLibrary\UiLibrary.csproj", "{2BCA6224-C220-4A39-A5E8-6E1F7A47D1C8}"
EndProject
Project("{9A19103F-16F7-4668-BE54-9A1E7A4F7556}") = "DesktopUI", "DesktopUI\DesktopUI.csproj", "{DBD9B832-1B03-4120-8CAD-E46C2482E704}"
EndProject
Project("{9A19103F-16F7-4668-BE54-9A1E7A4F7556}") = "WpfThemes", "WpfThemes\WpfThemes.csproj", "{66CAF882-7ECC-409C-9820-FF3CE7A8C22D}"
EndProject
Project("{9A19103F-16F7-4668-BE54-9A1E7A4F7556}") = "TestWinForms", "TestWinForms\TestWinForms.csproj", "{BA6DD685-B7C1-4BA3-9016-E030229F7859}"
EndProject
Project("{2150E333-8FDC-42A3-9474-1A3956D46DE8}") = "Solution Items", "Solution Items", "{0CDDBA5E-3A1A-4476-90D6-4D56E97E4A2F}"
	ProjectSection(SolutionItems) = preProject
		.editorconfig = .editorconfig
	EndProjectSection
EndProject
Global
	GlobalSection(SolutionConfigurationPlatforms) = preSolution
		Debug|Any CPU = Debug|Any CPU
		Release|Any CPU = Release|Any CPU
	EndGlobalSection
	GlobalSection(ProjectConfigurationPlatforms) = postSolution
		{2BCA6224-C220-4A39-A5E8-6E1F7A47D1C8}.Debug|Any CPU.ActiveCfg = Debug|Any CPU
		{2BCA6224-C220-4A39-A5E8-6E1F7A47D1C8}.Debug|Any CPU.Build.0 = Debug|Any CPU
		{2BCA6224-C220-4A39-A5E8-6E1F7A47D1C8}.Release|Any CPU.ActiveCfg = Release|Any CPU
		{2BCA6224-C220-4A39-A5E8-6E1F7A47D1C8}.Release|Any CPU.Build.0 = Release|Any CPU
		{DBD9B832-1B03-4120-8CAD-E46C2482E704}.Debug|Any CPU.ActiveCfg = Debug|Any CPU
		{DBD9B832-1B03-4120-8CAD-E46C2482E704}.Debug|Any CPU.Build.0 = Debug|Any CPU
		{DBD9B832-1B03-4120-8CAD-E46C2482E704}.Release|Any CPU.ActiveCfg = Release|Any CPU
		{DBD9B832-1B03-4120-8CAD-E46C2482E704}.Release|Any CPU.Build.0 = Release|Any CPU
		{66CAF882-7ECC-409C-9820-FF3CE7A8C22D}.Debug|Any CPU.ActiveCfg = Debug|Any CPU
		{66CAF882-7ECC-409C-9820-FF3CE7A8C22D}.Debug|Any CPU.Build.0 = Debug|Any CPU
		{66CAF882-7ECC-409C-9820-FF3CE7A8C22D}.Release|Any CPU.ActiveCfg = Release|Any CPU
		{66CAF882-7ECC-409C-9820-FF3CE7A8C22D}.Release|Any CPU.Build.0 = Release|Any CPU
		{BA6DD685-B7C1-4BA3-9016-E030229F7859}.Debug|Any CPU.ActiveCfg = Debug|Any CPU
		{BA6DD685-B7C1-4BA3-9016-E030229F7859}.Debug|Any CPU.Build.0 = Debug|Any CPU
		{BA6DD685-B7C1-4BA3-9016-E030229F7859}.Release|Any CPU.ActiveCfg = Release|Any CPU
		{BA6DD685-B7C1-4BA3-9016-E030229F7859}.Release|Any CPU.Build.0 = Release|Any CPU
	EndGlobalSection
	GlobalSection(SolutionProperties) = preSolution
		HideSolutionNode = FALSE
	EndGlobalSection
	GlobalSection(ExtensibilityGlobals) = postSolution
		SolutionGuid = {96100813-7B64-4D07-B36B-29DAF24C96A3}
	EndGlobalSection
EndGlobal
